// !$*UTF8*$!
{
	archiveVersion = 1;
	classes = {
	};
	objectVersion = 55;
	objects = {

/* Begin PBXBuildFile section */
		97D8C45428196677005E21C0 /* DataModel.xcdatamodeld in Sources */ = {isa = PBXBuildFile; fileRef = 97D8C45228196677005E21C0 /* DataModel.xcdatamodeld */; };
		97D8C461281A2799005E21C0 /* MaskData+CoreDataClass.swift in Sources */ = {isa = PBXBuildFile; fileRef = 97D8C45F281A2799005E21C0 /* MaskData+CoreDataClass.swift */; };
		97D8C462281A2799005E21C0 /* MaskData+CoreDataProperties.swift in Sources */ = {isa = PBXBuildFile; fileRef = 97D8C460281A2799005E21C0 /* MaskData+CoreDataProperties.swift */; };
		97D8C46A281B81F1005E21C0 /* SnapKit in Frameworks */ = {isa = PBXBuildFile; productRef = 97D8C469281B81F1005E21C0 /* SnapKit */; };
		97D8C46C281B828E005E21C0 /* TableViewCell.swift in Sources */ = {isa = PBXBuildFile; fileRef = 97D8C46B281B828E005E21C0 /* TableViewCell.swift */; };
		97D8C46E281BB474005E21C0 /* Enums.swift in Sources */ = {isa = PBXBuildFile; fileRef = 97D8C46D281BB474005E21C0 /* Enums.swift */; };
		97D8C470281D5192005E21C0 /* SentenceEveryDayController.swift in Sources */ = {isa = PBXBuildFile; fileRef = 97D8C46F281D5192005E21C0 /* SentenceEveryDayController.swift */; };
		97F409EE2817C8AB00527646 /* AppDelegate.swift in Sources */ = {isa = PBXBuildFile; fileRef = 97F409ED2817C8AB00527646 /* AppDelegate.swift */; };
		97F409F02817C8AB00527646 /* SceneDelegate.swift in Sources */ = {isa = PBXBuildFile; fileRef = 97F409EF2817C8AB00527646 /* SceneDelegate.swift */; };
		97F409F22817C8AB00527646 /* ViewController.swift in Sources */ = {isa = PBXBuildFile; fileRef = 97F409F12817C8AB00527646 /* ViewController.swift */; };
		97F409FA2817C8AD00527646 /* Assets.xcassets in Resources */ = {isa = PBXBuildFile; fileRef = 97F409F92817C8AD00527646 /* Assets.xcassets */; };
		97F409FD2817C8AD00527646 /* LaunchScreen.storyboard in Resources */ = {isa = PBXBuildFile; fileRef = 97F409FB2817C8AD00527646 /* LaunchScreen.storyboard */; };
		97F40A062817C8F700527646 /* Alamofire in Frameworks */ = {isa = PBXBuildFile; productRef = 97F40A052817C8F700527646 /* Alamofire */; };
		97F40A0A2817C93800527646 /* View.swift in Sources */ = {isa = PBXBuildFile; fileRef = 97F40A092817C93800527646 /* View.swift */; };
		97F40A0C2817C97C00527646 /* NetworkController.swift in Sources */ = {isa = PBXBuildFile; fileRef = 97F40A0B2817C97C00527646 /* NetworkController.swift */; };
		97F40A1628192E1F00527646 /* MaskGeoData.swift in Sources */ = {isa = PBXBuildFile; fileRef = 97F40A1528192E1F00527646 /* MaskGeoData.swift */; };
/* End PBXBuildFile section */

/* Begin PBXFileReference section */
		97D8C45328196677005E21C0 /* DataModel.xcdatamodel */ = {isa = PBXFileReference; lastKnownFileType = wrapper.xcdatamodel; path = DataModel.xcdatamodel; sourceTree = "<group>"; };
		97D8C45F281A2799005E21C0 /* MaskData+CoreDataClass.swift */ = {isa = PBXFileReference; lastKnownFileType = sourcecode.swift; path = "MaskData+CoreDataClass.swift"; sourceTree = "<group>"; };
		97D8C460281A2799005E21C0 /* MaskData+CoreDataProperties.swift */ = {isa = PBXFileReference; lastKnownFileType = sourcecode.swift; path = "MaskData+CoreDataProperties.swift"; sourceTree = "<group>"; };
		97D8C46B281B828E005E21C0 /* TableViewCell.swift */ = {isa = PBXFileReference; lastKnownFileType = sourcecode.swift; path = TableViewCell.swift; sourceTree = "<group>"; };
		97D8C46D281BB474005E21C0 /* Enums.swift */ = {isa = PBXFileReference; lastKnownFileType = sourcecode.swift; path = Enums.swift; sourceTree = "<group>"; };
		97D8C46F281D5192005E21C0 /* SentenceEveryDayController.swift */ = {isa = PBXFileReference; lastKnownFileType = sourcecode.swift; path = SentenceEveryDayController.swift; sourceTree = "<group>"; };
		97F409EA2817C8AB00527646 /* TaichungMaskFinder.app */ = {isa = PBXFileReference; explicitFileType = wrapper.application; includeInIndex = 0; path = TaichungMaskFinder.app; sourceTree = BUILT_PRODUCTS_DIR; };
		97F409ED2817C8AB00527646 /* AppDelegate.swift */ = {isa = PBXFileReference; lastKnownFileType = sourcecode.swift; path = AppDelegate.swift; sourceTree = "<group>"; };
		97F409EF2817C8AB00527646 /* SceneDelegate.swift */ = {isa = PBXFileReference; lastKnownFileType = sourcecode.swift; path = SceneDelegate.swift; sourceTree = "<group>"; };
		97F409F12817C8AB00527646 /* ViewController.swift */ = {isa = PBXFileReference; lastKnownFileType = sourcecode.swift; path = ViewController.swift; sourceTree = "<group>"; };
		97F409F92817C8AD00527646 /* Assets.xcassets */ = {isa = PBXFileReference; lastKnownFileType = folder.assetcatalog; path = Assets.xcassets; sourceTree = "<group>"; };
		97F409FC2817C8AD00527646 /* Base */ = {isa = PBXFileReference; lastKnownFileType = file.storyboard; name = Base; path = Base.lproj/LaunchScreen.storyboard; sourceTree = "<group>"; };
		97F409FE2817C8AD00527646 /* Info.plist */ = {isa = PBXFileReference; lastKnownFileType = text.plist.xml; path = Info.plist; sourceTree = "<group>"; };
		97F40A092817C93800527646 /* View.swift */ = {isa = PBXFileReference; lastKnownFileType = sourcecode.swift; path = View.swift; sourceTree = "<group>"; };
		97F40A0B2817C97C00527646 /* NetworkController.swift */ = {isa = PBXFileReference; lastKnownFileType = sourcecode.swift; path = NetworkController.swift; sourceTree = "<group>"; };
		97F40A1528192E1F00527646 /* MaskGeoData.swift */ = {isa = PBXFileReference; lastKnownFileType = sourcecode.swift; path = MaskGeoData.swift; sourceTree = "<group>"; };
/* End PBXFileReference section */

/* Begin PBXFrameworksBuildPhase section */
		97F409E72817C8AB00527646 /* Frameworks */ = {
			isa = PBXFrameworksBuildPhase;
			buildActionMask = 2147483647;
			files = (
				97F40A062817C8F700527646 /* Alamofire in Frameworks */,
				97D8C46A281B81F1005E21C0 /* SnapKit in Frameworks */,
			);
			runOnlyForDeploymentPostprocessing = 0;
		};
/* End PBXFrameworksBuildPhase section */

/* Begin PBXGroup section */
		97F409E12817C8AB00527646 = {
			isa = PBXGroup;
			children = (
				97D8C45F281A2799005E21C0 /* MaskData+CoreDataClass.swift */,
				97D8C460281A2799005E21C0 /* MaskData+CoreDataProperties.swift */,
				97F409EC2817C8AB00527646 /* TaichungMaskFinder */,
				97F409EB2817C8AB00527646 /* Products */,
			);
			sourceTree = "<group>";
		};
		97F409EB2817C8AB00527646 /* Products */ = {
			isa = PBXGroup;
			children = (
				97F409EA2817C8AB00527646 /* TaichungMaskFinder.app */,
			);
			name = Products;
			sourceTree = "<group>";
		};
		97F409EC2817C8AB00527646 /* TaichungMaskFinder */ = {
			isa = PBXGroup;
			children = (
				97F409ED2817C8AB00527646 /* AppDelegate.swift */,
				97F409EF2817C8AB00527646 /* SceneDelegate.swift */,
				97F40A0D28184D1300527646 /* Model */,
				97F40A0E28184D2300527646 /* Controller */,
				97F40A0F28184D3500527646 /* View */,
				97F40A1028184D4500527646 /* NetworkController */,
				97F409FB2817C8AD00527646 /* LaunchScreen.storyboard */,
				97F409F92817C8AD00527646 /* Assets.xcassets */,
				97F409FE2817C8AD00527646 /* Info.plist */,
				97D8C45228196677005E21C0 /* DataModel.xcdatamodeld */,
			);
			path = TaichungMaskFinder;
			sourceTree = "<group>";
		};
		97F40A0D28184D1300527646 /* Model */ = {
			isa = PBXGroup;
			children = (
				97F40A1528192E1F00527646 /* MaskGeoData.swift */,
				97D8C46D281BB474005E21C0 /* Enums.swift */,
			);
			path = Model;
			sourceTree = "<group>";
		};
		97F40A0E28184D2300527646 /* Controller */ = {
			isa = PBXGroup;
			children = (
				97F409F12817C8AB00527646 /* ViewController.swift */,
			);
			path = Controller;
			sourceTree = "<group>";
		};
		97F40A0F28184D3500527646 /* View */ = {
			isa = PBXGroup;
			children = (
				97F40A092817C93800527646 /* View.swift */,
				97D8C46B281B828E005E21C0 /* TableViewCell.swift */,
			);
			path = View;
			sourceTree = "<group>";
		};
		97F40A1028184D4500527646 /* NetworkController */ = {
			isa = PBXGroup;
			children = (
				97F40A0B2817C97C00527646 /* NetworkController.swift */,
				97D8C46F281D5192005E21C0 /* SentenceEveryDayController.swift */,
			);
			path = NetworkController;
			sourceTree = "<group>";
		};
/* End PBXGroup section */

/* Begin PBXNativeTarget section */
		97F409E92817C8AB00527646 /* TaichungMaskFinder */ = {
			isa = PBXNativeTarget;
			buildConfigurationList = 97F40A012817C8AD00527646 /* Build configuration list for PBXNativeTarget "TaichungMaskFinder" */;
			buildPhases = (
				97F409E62817C8AB00527646 /* Sources */,
				97F409E72817C8AB00527646 /* Frameworks */,
				97F409E82817C8AB00527646 /* Resources */,
			);
			buildRules = (
			);
			dependencies = (
			);
			name = TaichungMaskFinder;
			packageProductDependencies = (
				97F40A052817C8F700527646 /* Alamofire */,
				97D8C469281B81F1005E21C0 /* SnapKit */,
			);
			productName = TaichungMaskFinder;
			productReference = 97F409EA2817C8AB00527646 /* TaichungMaskFinder.app */;
			productType = "com.apple.product-type.application";
		};
/* End PBXNativeTarget section */

/* Begin PBXProject section */
		97F409E22817C8AB00527646 /* Project object */ = {
			isa = PBXProject;
			attributes = {
				BuildIndependentTargetsInParallel = 1;
				LastSwiftUpdateCheck = 1320;
				LastUpgradeCheck = 1320;
				TargetAttributes = {
					97F409E92817C8AB00527646 = {
						CreatedOnToolsVersion = 13.2.1;
					};
				};
			};
			buildConfigurationList = 97F409E52817C8AB00527646 /* Build configuration list for PBXProject "TaichungMaskFinder" */;
			compatibilityVersion = "Xcode 13.0";
			developmentRegion = en;
			hasScannedForEncodings = 0;
			knownRegions = (
				en,
				Base,
			);
			mainGroup = 97F409E12817C8AB00527646;
			packageReferences = (
				97F40A042817C8F700527646 /* XCRemoteSwiftPackageReference "Alamofire" */,
				97D8C468281B81F1005E21C0 /* XCRemoteSwiftPackageReference "SnapKit" */,
			);
			productRefGroup = 97F409EB2817C8AB00527646 /* Products */;
			projectDirPath = "";
			projectRoot = "";
			targets = (
				97F409E92817C8AB00527646 /* TaichungMaskFinder */,
			);
		};
/* End PBXProject section */

/* Begin PBXResourcesBuildPhase section */
		97F409E82817C8AB00527646 /* Resources */ = {
			isa = PBXResourcesBuildPhase;
			buildActionMask = 2147483647;
			files = (
				97F409FD2817C8AD00527646 /* LaunchScreen.storyboard in Resources */,
				97F409FA2817C8AD00527646 /* Assets.xcassets in Resources */,
			);
			runOnlyForDeploymentPostprocessing = 0;
		};
/* End PBXResourcesBuildPhase section */

/* Begin PBXSourcesBuildPhase section */
		97F409E62817C8AB00527646 /* Sources */ = {
			isa = PBXSourcesBuildPhase;
			buildActionMask = 2147483647;
			files = (
				97F40A1628192E1F00527646 /* MaskGeoData.swift in Sources */,
				97D8C461281A2799005E21C0 /* MaskData+CoreDataClass.swift in Sources */,
				97F409F22817C8AB00527646 /* ViewController.swift in Sources */,
				97F40A0A2817C93800527646 /* View.swift in Sources */,
				97D8C45428196677005E21C0 /* DataModel.xcdatamodeld in Sources */,
				97D8C46C281B828E005E21C0 /* TableViewCell.swift in Sources */,
				97F409EE2817C8AB00527646 /* AppDelegate.swift in Sources */,
				97F40A0C2817C97C00527646 /* NetworkController.swift in Sources */,
				97F409F02817C8AB00527646 /* SceneDelegate.swift in Sources */,
				97D8C462281A2799005E21C0 /* MaskData+CoreDataProperties.swift in Sources */,
				97D8C470281D5192005E21C0 /* SentenceEveryDayController.swift in Sources */,
				97D8C46E281BB474005E21C0 /* Enums.swift in Sources */,
			);
			runOnlyForDeploymentPostprocessing = 0;
		};
/* End PBXSourcesBuildPhase section */

/* Begin PBXVariantGroup section */
		97F409FB2817C8AD00527646 /* LaunchScreen.storyboard */ = {
			isa = PBXVariantGroup;
			children = (
				97F409FC2817C8AD00527646 /* Base */,
			);
			name = LaunchScreen.storyboard;
			sourceTree = "<group>";
		};
/* End PBXVariantGroup section */

/* Begin XCBuildConfiguration section */
		97F409FF2817C8AD00527646 /* Debug */ = {
			isa = XCBuildConfiguration;
			buildSettings = {
				ALWAYS_SEARCH_USER_PATHS = NO;
				CLANG_ANALYZER_NONNULL = YES;
				CLANG_ANALYZER_NUMBER_OBJECT_CONVERSION = YES_AGGRESSIVE;
				CLANG_CXX_LANGUAGE_STANDARD = "gnu++17";
				CLANG_CXX_LIBRARY = "libc++";
				CLANG_ENABLE_MODULES = YES;
				CLANG_ENABLE_OBJC_ARC = YES;
				CLANG_ENABLE_OBJC_WEAK = YES;
				CLANG_WARN_BLOCK_CAPTURE_AUTORELEASING = YES;
				CLANG_WARN_BOOL_CONVERSION = YES;
				CLANG_WARN_COMMA = YES;
				CLANG_WARN_CONSTANT_CONVERSION = YES;
				CLANG_WARN_DEPRECATED_OBJC_IMPLEMENTATIONS = YES;
				CLANG_WARN_DIRECT_OBJC_ISA_USAGE = YES_ERROR;
				CLANG_WARN_DOCUMENTATION_COMMENTS = YES;
				CLANG_WARN_EMPTY_BODY = YES;
				CLANG_WARN_ENUM_CONVERSION = YES;
				CLANG_WARN_INFINITE_RECURSION = YES;
				CLANG_WARN_INT_CONVERSION = YES;
				CLANG_WARN_NON_LITERAL_NULL_CONVERSION = YES;
				CLANG_WARN_OBJC_IMPLICIT_RETAIN_SELF = YES;
				CLANG_WARN_OBJC_LITERAL_CONVERSION = YES;
				CLANG_WARN_OBJC_ROOT_CLASS = YES_ERROR;
				CLANG_WARN_QUOTED_INCLUDE_IN_FRAMEWORK_HEADER = YES;
				CLANG_WARN_RANGE_LOOP_ANALYSIS = YES;
				CLANG_WARN_STRICT_PROTOTYPES = YES;
				CLANG_WARN_SUSPICIOUS_MOVE = YES;
				CLANG_WARN_UNGUARDED_AVAILABILITY = YES_AGGRESSIVE;
				CLANG_WARN_UNREACHABLE_CODE = YES;
				CLANG_WARN__DUPLICATE_METHOD_MATCH = YES;
				COPY_PHASE_STRIP = NO;
				DEBUG_INFORMATION_FORMAT = dwarf;
				ENABLE_STRICT_OBJC_MSGSEND = YES;
				ENABLE_TESTABILITY = YES;
				GCC_C_LANGUAGE_STANDARD = gnu11;
				GCC_DYNAMIC_NO_PIC = NO;
				GCC_NO_COMMON_BLOCKS = YES;
				GCC_OPTIMIZATION_LEVEL = 0;
				GCC_PREPROCESSOR_DEFINITIONS = (
					"DEBUG=1",
					"$(inherited)",
				);
				GCC_WARN_64_TO_32_BIT_CONVERSION = YES;
				GCC_WARN_ABOUT_RETURN_TYPE = YES_ERROR;
				GCC_WARN_UNDECLARED_SELECTOR = YES;
				GCC_WARN_UNINITIALIZED_AUTOS = YES_AGGRESSIVE;
				GCC_WARN_UNUSED_FUNCTION = YES;
				GCC_WARN_UNUSED_VARIABLE = YES;
				IPHONEOS_DEPLOYMENT_TARGET = 15.2;
				MTL_ENABLE_DEBUG_INFO = INCLUDE_SOURCE;
				MTL_FAST_MATH = YES;
				ONLY_ACTIVE_ARCH = YES;
				SDKROOT = iphoneos;
				SWIFT_ACTIVE_COMPILATION_CONDITIONS = DEBUG;
				SWIFT_OPTIMIZATION_LEVEL = "-Onone";
			};
			name = Debug;
		};
		97F40A002817C8AD00527646 /* Release */ = {
			isa = XCBuildConfiguration;
			buildSettings = {
				ALWAYS_SEARCH_USER_PATHS = NO;
				CLANG_ANALYZER_NONNULL = YES;
				CLANG_ANALYZER_NUMBER_OBJECT_CONVERSION = YES_AGGRESSIVE;
				CLANG_CXX_LANGUAGE_STANDARD = "gnu++17";
				CLANG_CXX_LIBRARY = "libc++";
				CLANG_ENABLE_MODULES = YES;
				CLANG_ENABLE_OBJC_ARC = YES;
				CLANG_ENABLE_OBJC_WEAK = YES;
				CLANG_WARN_BLOCK_CAPTURE_AUTORELEASING = YES;
				CLANG_WARN_BOOL_CONVERSION = YES;
				CLANG_WARN_COMMA = YES;
				CLANG_WARN_CONSTANT_CONVERSION = YES;
				CLANG_WARN_DEPRECATED_OBJC_IMPLEMENTATIONS = YES;
				CLANG_WARN_DIRECT_OBJC_ISA_USAGE = YES_ERROR;
				CLANG_WARN_DOCUMENTATION_COMMENTS = YES;
				CLANG_WARN_EMPTY_BODY = YES;
				CLANG_WARN_ENUM_CONVERSION = YES;
				CLANG_WARN_INFINITE_RECURSION = YES;
				CLANG_WARN_INT_CONVERSION = YES;
				CLANG_WARN_NON_LITERAL_NULL_CONVERSION = YES;
				CLANG_WARN_OBJC_IMPLICIT_RETAIN_SELF = YES;
				CLANG_WARN_OBJC_LITERAL_CONVERSION = YES;
				CLANG_WARN_OBJC_ROOT_CLASS = YES_ERROR;
				CLANG_WARN_QUOTED_INCLUDE_IN_FRAMEWORK_HEADER = YES;
				CLANG_WARN_RANGE_LOOP_ANALYSIS = YES;
				CLANG_WARN_STRICT_PROTOTYPES = YES;
				CLANG_WARN_SUSPICIOUS_MOVE = YES;
				CLANG_WARN_UNGUARDED_AVAILABILITY = YES_AGGRESSIVE;
				CLANG_WARN_UNREACHABLE_CODE = YES;
				CLANG_WARN__DUPLICATE_METHOD_MATCH = YES;
				COPY_PHASE_STRIP = NO;
				DEBUG_INFORMATION_FORMAT = "dwarf-with-dsym";
				ENABLE_NS_ASSERTIONS = NO;
				ENABLE_STRICT_OBJC_MSGSEND = YES;
				GCC_C_LANGUAGE_STANDARD = gnu11;
				GCC_NO_COMMON_BLOCKS = YES;
				GCC_WARN_64_TO_32_BIT_CONVERSION = YES;
				GCC_WARN_ABOUT_RETURN_TYPE = YES_ERROR;
				GCC_WARN_UNDECLARED_SELECTOR = YES;
				GCC_WARN_UNINITIALIZED_AUTOS = YES_AGGRESSIVE;
				GCC_WARN_UNUSED_FUNCTION = YES;
				GCC_WARN_UNUSED_VARIABLE = YES;
				IPHONEOS_DEPLOYMENT_TARGET = 15.2;
				MTL_ENABLE_DEBUG_INFO = NO;
				MTL_FAST_MATH = YES;
				SDKROOT = iphoneos;
				SWIFT_COMPILATION_MODE = wholemodule;
				SWIFT_OPTIMIZATION_LEVEL = "-O";
				VALIDATE_PRODUCT = YES;
			};
			name = Release;
		};
		97F40A022817C8AD00527646 /* Debug */ = {
			isa = XCBuildConfiguration;
			buildSettings = {
				ASSETCATALOG_COMPILER_APPICON_NAME = AppIcon;
				ASSETCATALOG_COMPILER_GLOBAL_ACCENT_COLOR_NAME = AccentColor;
				CODE_SIGN_STYLE = Automatic;
				CURRENT_PROJECT_VERSION = 1;
				DEVELOPMENT_TEAM = QRA5DG5SAD;
				GENERATE_INFOPLIST_FILE = YES;
				INFOPLIST_FILE = TaichungMaskFinder/Info.plist;
				INFOPLIST_KEY_UIApplicationSupportsIndirectInputEvents = YES;
				INFOPLIST_KEY_UILaunchStoryboardName = LaunchScreen;
				INFOPLIST_KEY_UISupportedInterfaceOrientations_iPad = "UIInterfaceOrientationPortrait UIInterfaceOrientationPortraitUpsideDown UIInterfaceOrientationLandscapeLeft UIInterfaceOrientationLandscapeRight";
				INFOPLIST_KEY_UISupportedInterfaceOrientations_iPhone = "UIInterfaceOrientationPortrait UIInterfaceOrientationLandscapeLeft UIInterfaceOrientationLandscapeRight";
				LD_RUNPATH_SEARCH_PATHS = (
					"$(inherited)",
					"@executable_path/Frameworks",
				);
				MARKETING_VERSION = 1.0;
				PRODUCT_BUNDLE_IDENTIFIER = testing.TaichungMaskFinder;
				PRODUCT_NAME = "$(TARGET_NAME)";
				SWIFT_EMIT_LOC_STRINGS = YES;
				SWIFT_VERSION = 5.0;
				TARGETED_DEVICE_FAMILY = "1,2";
			};
			name = Debug;
		};
		97F40A032817C8AD00527646 /* Release */ = {
			isa = XCBuildConfiguration;
			buildSettings = {
				ASSETCATALOG_COMPILER_APPICON_NAME = AppIcon;
				ASSETCATALOG_COMPILER_GLOBAL_ACCENT_COLOR_NAME = AccentColor;
				CODE_SIGN_STYLE = Automatic;
				CURRENT_PROJECT_VERSION = 1;
				DEVELOPMENT_TEAM = QRA5DG5SAD;
				GENERATE_INFOPLIST_FILE = YES;
				INFOPLIST_FILE = TaichungMaskFinder/Info.plist;
				INFOPLIST_KEY_UIApplicationSupportsIndirectInputEvents = YES;
				INFOPLIST_KEY_UILaunchStoryboardName = LaunchScreen;
				INFOPLIST_KEY_UISupportedInterfaceOrientations_iPad = "UIInterfaceOrientationPortrait UIInterfaceOrientationPortraitUpsideDown UIInterfaceOrientationLandscapeLeft UIInterfaceOrientationLandscapeRight";
				INFOPLIST_KEY_UISupportedInterfaceOrientations_iPhone = "UIInterfaceOrientationPortrait UIInterfaceOrientationLandscapeLeft UIInterfaceOrientationLandscapeRight";
				LD_RUNPATH_SEARCH_PATHS = (
					"$(inherited)",
					"@executable_path/Frameworks",
				);
				MARKETING_VERSION = 1.0;
				PRODUCT_BUNDLE_IDENTIFIER = testing.TaichungMaskFinder;
				PRODUCT_NAME = "$(TARGET_NAME)";
				SWIFT_EMIT_LOC_STRINGS = YES;
				SWIFT_VERSION = 5.0;
				TARGETED_DEVICE_FAMILY = "1,2";
			};
			name = Release;
		};
/* End XCBuildConfiguration section */

/* Begin XCConfigurationList section */
		97F409E52817C8AB00527646 /* Build configuration list for PBXProject "TaichungMaskFinder" */ = {
			isa = XCConfigurationList;
			buildConfigurations = (
				97F409FF2817C8AD00527646 /* Debug */,
				97F40A002817C8AD00527646 /* Release */,
			);
			defaultConfigurationIsVisible = 0;
			defaultConfigurationName = Release;
		};
		97F40A012817C8AD00527646 /* Build configuration list for PBXNativeTarget "TaichungMaskFinder" */ = {
			isa = XCConfigurationList;
			buildConfigurations = (
				97F40A022817C8AD00527646 /* Debug */,
				97F40A032817C8AD00527646 /* Release */,
			);
			defaultConfigurationIsVisible = 0;
			defaultConfigurationName = Release;
		};
/* End XCConfigurationList section */

/* Begin XCRemoteSwiftPackageReference section */
		97D8C468281B81F1005E21C0 /* XCRemoteSwiftPackageReference "SnapKit" */ = {
			isa = XCRemoteSwiftPackageReference;
			repositoryURL = "https://github.com/SnapKit/SnapKit";
			requirement = {
				branch = develop;
				kind = branch;
			};
		};
		97F40A042817C8F700527646 /* XCRemoteSwiftPackageReference "Alamofire" */ = {
			isa = XCRemoteSwiftPackageReference;
			repositoryURL = "https://github.com/Alamofire/Alamofire";
			requirement = {
				kind = upToNextMajorVersion;
				minimumVersion = 5.0.0;
			};
		};
/* End XCRemoteSwiftPackageReference section */

/* Begin XCSwiftPackageProductDependency section */
		97D8C469281B81F1005E21C0 /* SnapKit */ = {
			isa = XCSwiftPackageProductDependency;
			package = 97D8C468281B81F1005E21C0 /* XCRemoteSwiftPackageReference "SnapKit" */;
			productName = SnapKit;
		};
		97F40A052817C8F700527646 /* Alamofire */ = {
			isa = XCSwiftPackageProductDependency;
			package = 97F40A042817C8F700527646 /* XCRemoteSwiftPackageReference "Alamofire" */;
			productName = Alamofire;
		};
/* End XCSwiftPackageProductDependency section */

/* Begin XCVersionGroup section */
		97D8C45228196677005E21C0 /* DataModel.xcdatamodeld */ = {
			isa = XCVersionGroup;
			children = (
				97D8C45328196677005E21C0 /* DataModel.xcdatamodel */,
			);
			currentVersion = 97D8C45328196677005E21C0 /* DataModel.xcdatamodel */;
			path = DataModel.xcdatamodeld;
			sourceTree = "<group>";
			versionGroupType = wrapper.xcdatamodel;
		};
/* End XCVersionGroup section */
	};
	rootObject = 97F409E22817C8AB00527646 /* Project object */;
}
